
Microsoft Visual Studio Solution File, Format Version 12.00
# Visual Studio 15
VisualStudioVersion = 15.0.27130.2024
MinimumVisualStudioVersion = 10.0.40219.1
Project("{9A19103F-16F7-4668-BE54-9A1E7A4F7556}") = "OpenPr0gramm", "src\OpenPr0gramm\OpenPr0gramm.csproj", "{61FBF235-F36B-46CD-8E1F-8142AA001355}"
EndProject
Project("{9A19103F-16F7-4668-BE54-9A1E7A4F7556}") = "OpenPr0gramm.Tests", "src\OpenPr0gramm.Tests\OpenPr0gramm.Tests.csproj", "{DD756BA6-655B-4106-955F-40079EC089D3}"
EndProject
Global
	GlobalSection(SolutionConfigurationPlatforms) = preSolution
		Debug|Any CPU = Debug|Any CPU
		Debug|ARM = Debug|ARM
		Debug|x64 = Debug|x64
		Debug|x86 = Debug|x86
		Release|Any CPU = Release|Any CPU
		Release|ARM = Release|ARM
		Release|x64 = Release|x64
		Release|x86 = Release|x86
	EndGlobalSection
	GlobalSection(ProjectConfigurationPlatforms) = postSolution
		{61FBF235-F36B-46CD-8E1F-8142AA001355}.Debug|Any CPU.ActiveCfg = Debug|Any CPU
		{61FBF235-F36B-46CD-8E1F-8142AA001355}.Debug|Any CPU.Build.0 = Debug|Any CPU
		{61FBF235-F36B-46CD-8E1F-8142AA001355}.Debug|ARM.ActiveCfg = Debug|Any CPU
		{61FBF235-F36B-46CD-8E1F-8142AA001355}.Debug|ARM.Build.0 = Debug|Any CPU
		{61FBF235-F36B-46CD-8E1F-8142AA001355}.Debug|x64.ActiveCfg = Debug|Any CPU
		{61FBF235-F36B-46CD-8E1F-8142AA001355}.Debug|x64.Build.0 = Debug|Any CPU
		{61FBF235-F36B-46CD-8E1F-8142AA001355}.Debug|x86.ActiveCfg = Debug|Any CPU
		{61FBF235-F36B-46CD-8E1F-8142AA001355}.Debug|x86.Build.0 = Debug|Any CPU
		{61FBF235-F36B-46CD-8E1F-8142AA001355}.Release|Any CPU.ActiveCfg = Release|Any CPU
		{61FBF235-F36B-46CD-8E1F-8142AA001355}.Release|Any CPU.Build.0 = Release|Any CPU
		{61FBF235-F36B-46CD-8E1F-8142AA001355}.Release|ARM.ActiveCfg = Release|Any CPU
		{61FBF235-F36B-46CD-8E1F-8142AA001355}.Release|ARM.Build.0 = Release|Any CPU
		{61FBF235-F36B-46CD-8E1F-8142AA001355}.Release|x64.ActiveCfg = Release|Any CPU
		{61FBF235-F36B-46CD-8E1F-8142AA001355}.Release|x64.Build.0 = Release|Any CPU
		{61FBF235-F36B-46CD-8E1F-8142AA001355}.Release|x86.ActiveCfg = Release|Any CPU
		{61FBF235-F36B-46CD-8E1F-8142AA001355}.Release|x86.Build.0 = Release|Any CPU
		{DD756BA6-655B-4106-955F-40079EC089D3}.Debug|Any CPU.ActiveCfg = Debug|Any CPU
		{DD756BA6-655B-4106-955F-40079EC089D3}.Debug|Any CPU.Build.0 = Debug|Any CPU
		{DD756BA6-655B-4106-955F-40079EC089D3}.Debug|ARM.ActiveCfg = Debug|Any CPU
		{DD756BA6-655B-4106-955F-40079EC089D3}.Debug|ARM.Build.0 = Debug|Any CPU
		{DD756BA6-655B-4106-955F-40079EC089D3}.Debug|x64.ActiveCfg = Debug|Any CPU
		{DD756BA6-655B-4106-955F-40079EC089D3}.Debug|x64.Build.0 = Debug|Any CPU
		{DD756BA6-655B-4106-955F-40079EC089D3}.Debug|x86.ActiveCfg = Debug|Any CPU
		{DD756BA6-655B-4106-955F-40079EC089D3}.Debug|x86.Build.0 = Debug|Any CPU
		{DD756BA6-655B-4106-955F-40079EC089D3}.Release|Any CPU.ActiveCfg = Release|Any CPU
		{DD756BA6-655B-4106-955F-40079EC089D3}.Release|Any CPU.Build.0 = Release|Any CPU
		{DD756BA6-655B-4106-955F-40079EC089D3}.Release|ARM.ActiveCfg = Release|Any CPU
		{DD756BA6-655B-4106-955F-40079EC089D3}.Release|ARM.Build.0 = Release|Any CPU
		{DD756BA6-655B-4106-955F-40079EC089D3}.Release|x64.ActiveCfg = Release|Any CPU
		{DD756BA6-655B-4106-955F-40079EC089D3}.Release|x64.Build.0 = Release|Any CPU
		{DD756BA6-655B-4106-955F-40079EC089D3}.Release|x86.ActiveCfg = Release|Any CPU
		{DD756BA6-655B-4106-955F-40079EC089D3}.Release|x86.Build.0 = Release|Any CPU
	EndGlobalSection
	GlobalSection(SolutionProperties) = preSolution
		HideSolutionNode = FALSE
	EndGlobalSection
	GlobalSection(ExtensibilityGlobals) = postSolution
		SolutionGuid = {B9701346-4B02-46E1-9908-7055652277A4}
	EndGlobalSection
EndGlobal
