
Microsoft Visual Studio Solution File, Format Version 12.00
# Visual Studio 14
VisualStudioVersion = 14.0.23107.0
MinimumVisualStudioVersion = 10.0.40219.1
Project("{FAE04EC0-301F-11D3-BF4B-00C04F79EFBC}") = "OpenPr0gramm", "OpenPr0gramm\OpenPr0gramm.csproj", "{E55B1503-4117-4F6F-89C0-AC980EA64ECD}"
EndProject
Global
	GlobalSection(SolutionConfigurationPlatforms) = preSolution
		Debug|Any CPU = Debug|Any CPU
		Release|Any CPU = Release|Any CPU
	EndGlobalSection
	GlobalSection(ProjectConfigurationPlatforms) = postSolution
		{E55B1503-4117-4F6F-89C0-AC980EA64ECD}.Debug|Any CPU.ActiveCfg = Debug|Any CPU
		{E55B1503-4117-4F6F-89C0-AC980EA64ECD}.Debug|Any CPU.Build.0 = Debug|Any CPU
		{E55B1503-4117-4F6F-89C0-AC980EA64ECD}.Release|Any CPU.ActiveCfg = Release|Any CPU
		{E55B1503-4117-4F6F-89C0-AC980EA64ECD}.Release|Any CPU.Build.0 = Release|Any CPU
	EndGlobalSection
	GlobalSection(SolutionProperties) = preSolution
		HideSolutionNode = FALSE
	EndGlobalSection
EndGlobal
